
Microsoft Visual Studio Solution File, Format Version 12.00
# Visual Studio Version 17
VisualStudioVersion = 17.2.32516.85
MinimumVisualStudioVersion = 10.0.40219.1
Project("{FAE04EC0-301F-11D3-BF4B-00C04F79EFBC}") = "prakt7_wpf", "prakt7_wpf.csproj", "{79FA95F4-7C41-45EE-8416-03D006E104A5}"
EndProject
Global
	GlobalSection(SolutionConfigurationPlatforms) = preSolution
		Debug|Any CPU = Debug|Any CPU
		Release|Any CPU = Release|Any CPU
	EndGlobalSection
	GlobalSection(ProjectConfigurationPlatforms) = postSolution
		{79FA95F4-7C41-45EE-8416-03D006E104A5}.Debug|Any CPU.ActiveCfg = Debug|Any CPU
		{79FA95F4-7C41-45EE-8416-03D006E104A5}.Debug|Any CPU.Build.0 = Debug|Any CPU
		{79FA95F4-7C41-45EE-8416-03D006E104A5}.Release|Any CPU.ActiveCfg = Release|Any CPU
		{79FA95F4-7C41-45EE-8416-03D006E104A5}.Release|Any CPU.Build.0 = Release|Any CPU
	EndGlobalSection
	GlobalSection(SolutionProperties) = preSolution
		HideSolutionNode = FALSE
	EndGlobalSection
	GlobalSection(ExtensibilityGlobals) = postSolution
		SolutionGuid = {CC767279-F834-40D6-AA9A-A9D0000E523E}
	EndGlobalSection
EndGlobal
